// !$*UTF8*$!
{
	archiveVersion = 1;
	classes = {
	};
	objectVersion = 77;
	objects = {

/* Begin PBXContainerItemProxy section */
		44D1D18E2DAE88D30092E4A8 /* PBXContainerItemProxy */ = {
			isa = PBXContainerItemProxy;
			containerPortal = 44D1D1762DAE88D20092E4A8 /* Project object */;
			proxyType = 1;
			remoteGlobalIDString = 44D1D17D2DAE88D20092E4A8;
			remoteInfo = SecureFileVault;
		};
		44D1D1982DAE88D30092E4A8 /* PBXContainerItemProxy */ = {
			isa = PBXContainerItemProxy;
			containerPortal = 44D1D1762DAE88D20092E4A8 /* Project object */;
			proxyType = 1;
			remoteGlobalIDString = 44D1D17D2DAE88D20092E4A8;
			remoteInfo = SecureFileVault;
		};
/* End PBXContainerItemProxy section */

/* Begin PBXFileReference section */
		44D1D17E2DAE88D20092E4A8 /* SecureVault.app */ = {isa = PBXFileReference; explicitFileType = wrapper.application; includeInIndex = 0; path = SecureVault.app; sourceTree = BUILT_PRODUCTS_DIR; };
		44D1D18D2DAE88D30092E4A8 /* SecureVaultTests.xctest */ = {isa = PBXFileReference; explicitFileType = wrapper.cfbundle; includeInIndex = 0; path = SecureVaultTests.xctest; sourceTree = BUILT_PRODUCTS_DIR; };
		44D1D1972DAE88D30092E4A8 /* SecureVaultUITests.xctest */ = {isa = PBXFileReference; explicitFileType = wrapper.cfbundle; includeInIndex = 0; path = SecureVaultUITests.xctest; sourceTree = BUILT_PRODUCTS_DIR; };
/* End PBXFileReference section */

/* Begin PBXFileSystemSynchronizedBuildFileExceptionSet section */
		44B430A72DAEB25300647602 /* Exceptions for "SecureFileVault" folder in "SecureVault" target */ = {
			isa = PBXFileSystemSynchronizedBuildFileExceptionSet;
			assetTagsByRelativePath = {
				Resources/CompanyLogo.PNG = (Image, );
			};
			target = 44D1D17D2DAE88D20092E4A8 /* SecureVault */;
		};
/* End PBXFileSystemSynchronizedBuildFileExceptionSet section */

/* Begin PBXFileSystemSynchronizedRootGroup section */
		44D1D1802DAE88D20092E4A8 /* SecureFileVault */ = {
			isa = PBXFileSystemSynchronizedRootGroup;
			exceptions = (
				44B430A72DAEB25300647602 /* Exceptions for "SecureFileVault" folder in "SecureVault" target */,
			);
			path = SecureFileVault;
			sourceTree = "<group>";
		};
		44D1D1902DAE88D30092E4A8 /* SecureVaultTests */ = {
			isa = PBXFileSystemSynchronizedRootGroup;
			path = SecureVaultTests;
			sourceTree = "<group>";
		};
		44D1D19A2DAE88D30092E4A8 /* SecureVaultUITests */ = {
			isa = PBXFileSystemSynchronizedRootGroup;
			path = SecureVaultUITests;
			sourceTree = "<group>";
		};
/* End PBXFileSystemSynchronizedRootGroup section */

/* Begin PBXFrameworksBuildPhase section */
		44D1D17B2DAE88D20092E4A8 /* Frameworks */ = {
			isa = PBXFrameworksBuildPhase;
			buildActionMask = 2147483647;
			files = (
			);
			runOnlyForDeploymentPostprocessing = 0;
		};
		44D1D18A2DAE88D30092E4A8 /* Frameworks */ = {
			isa = PBXFrameworksBuildPhase;
			buildActionMask = 2147483647;
			files = (
			);
			runOnlyForDeploymentPostprocessing = 0;
		};
		44D1D1942DAE88D30092E4A8 /* Frameworks */ = {
			isa = PBXFrameworksBuildPhase;
			buildActionMask = 2147483647;
			files = (
			);
			runOnlyForDeploymentPostprocessing = 0;
		};
/* End PBXFrameworksBuildPhase section */

/* Begin PBXGroup section */
		44D1D1752DAE88D20092E4A8 = {
			isa = PBXGroup;
			children = (
				44D1D1802DAE88D20092E4A8 /* SecureFileVault */,
				44D1D1902DAE88D30092E4A8 /* SecureVaultTests */,
				44D1D19A2DAE88D30092E4A8 /* SecureVaultUITests */,
				44D1D17F2DAE88D20092E4A8 /* Products */,
			);
			sourceTree = "<group>";
		};
		44D1D17F2DAE88D20092E4A8 /* Products */ = {
			isa = PBXGroup;
			children = (
				44D1D17E2DAE88D20092E4A8 /* SecureVault.app */,
				44D1D18D2DAE88D30092E4A8 /* SecureVaultTests.xctest */,
				44D1D1972DAE88D30092E4A8 /* SecureVaultUITests.xctest */,
			);
			name = Products;
			sourceTree = "<group>";
		};
/* End PBXGroup section */

/* Begin PBXNativeTarget section */
		44D1D17D2DAE88D20092E4A8 /* SecureVault */ = {
			isa = PBXNativeTarget;
			buildConfigurationList = 44D1D1A12DAE88D30092E4A8 /* Build configuration list for PBXNativeTarget "SecureVault" */;
			buildPhases = (
				44D1D17A2DAE88D20092E4A8 /* Sources */,
				44D1D17B2DAE88D20092E4A8 /* Frameworks */,
				44D1D17C2DAE88D20092E4A8 /* Resources */,
			);
			buildRules = (
			);
			dependencies = (
			);
			fileSystemSynchronizedGroups = (
				44D1D1802DAE88D20092E4A8 /* SecureFileVault */,
			);
			name = SecureVault;
			packageProductDependencies = (
			);
			productName = SecureFileVault;
			productReference = 44D1D17E2DAE88D20092E4A8 /* SecureVault.app */;
			productType = "com.apple.product-type.application";
		};
		44D1D18C2DAE88D30092E4A8 /* SecureVaultTests */ = {
			isa = PBXNativeTarget;
			buildConfigurationList = 44D1D1A42DAE88D30092E4A8 /* Build configuration list for PBXNativeTarget "SecureVaultTests" */;
			buildPhases = (
				44D1D1892DAE88D30092E4A8 /* Sources */,
				44D1D18A2DAE88D30092E4A8 /* Frameworks */,
				44D1D18B2DAE88D30092E4A8 /* Resources */,
			);
			buildRules = (
			);
			dependencies = (
				44D1D18F2DAE88D30092E4A8 /* PBXTargetDependency */,
			);
			fileSystemSynchronizedGroups = (
				44D1D1902DAE88D30092E4A8 /* SecureVaultTests */,
			);
			name = SecureVaultTests;
			packageProductDependencies = (
			);
			productName = SecureFileVaultTests;
			productReference = 44D1D18D2DAE88D30092E4A8 /* SecureVaultTests.xctest */;
			productType = "com.apple.product-type.bundle.unit-test";
		};
		44D1D1962DAE88D30092E4A8 /* SecureVaultUITests */ = {
			isa = PBXNativeTarget;
			buildConfigurationList = 44D1D1A72DAE88D30092E4A8 /* Build configuration list for PBXNativeTarget "SecureVaultUITests" */;
			buildPhases = (
				44D1D1932DAE88D30092E4A8 /* Sources */,
				44D1D1942DAE88D30092E4A8 /* Frameworks */,
				44D1D1952DAE88D30092E4A8 /* Resources */,
			);
			buildRules = (
			);
			dependencies = (
				44D1D1992DAE88D30092E4A8 /* PBXTargetDependency */,
			);
			fileSystemSynchronizedGroups = (
				44D1D19A2DAE88D30092E4A8 /* SecureVaultUITests */,
			);
			name = SecureVaultUITests;
			packageProductDependencies = (
			);
			productName = SecureFileVaultUITests;
			productReference = 44D1D1972DAE88D30092E4A8 /* SecureVaultUITests.xctest */;
			productType = "com.apple.product-type.bundle.ui-testing";
		};
/* End PBXNativeTarget section */

/* Begin PBXProject section */
		44D1D1762DAE88D20092E4A8 /* Project object */ = {
			isa = PBXProject;
			attributes = {
				BuildIndependentTargetsInParallel = 1;
				KnownAssetTags = (
					Image,
				);
				LastSwiftUpdateCheck = 1630;
				LastUpgradeCheck = 1630;
				TargetAttributes = {
					44D1D17D2DAE88D20092E4A8 = {
						CreatedOnToolsVersion = 16.3;
					};
					44D1D18C2DAE88D30092E4A8 = {
						CreatedOnToolsVersion = 16.3;
						TestTargetID = 44D1D17D2DAE88D20092E4A8;
					};
					44D1D1962DAE88D30092E4A8 = {
						CreatedOnToolsVersion = 16.3;
						TestTargetID = 44D1D17D2DAE88D20092E4A8;
					};
				};
			};
			buildConfigurationList = 44D1D1792DAE88D20092E4A8 /* Build configuration list for PBXProject "SecureVault" */;
			developmentRegion = en;
			hasScannedForEncodings = 0;
			knownRegions = (
				en,
				Base,
			);
			mainGroup = 44D1D1752DAE88D20092E4A8;
			minimizedProjectReferenceProxies = 1;
			preferredProjectObjectVersion = 77;
			productRefGroup = 44D1D17F2DAE88D20092E4A8 /* Products */;
			projectDirPath = "";
			projectRoot = "";
			targets = (
				44D1D17D2DAE88D20092E4A8 /* SecureVault */,
				44D1D18C2DAE88D30092E4A8 /* SecureVaultTests */,
				44D1D1962DAE88D30092E4A8 /* SecureVaultUITests */,
			);
		};
/* End PBXProject section */

/* Begin PBXResourcesBuildPhase section */
		44D1D17C2DAE88D20092E4A8 /* Resources */ = {
			isa = PBXResourcesBuildPhase;
			buildActionMask = 2147483647;
			files = (
			);
			runOnlyForDeploymentPostprocessing = 0;
		};
		44D1D18B2DAE88D30092E4A8 /* Resources */ = {
			isa = PBXResourcesBuildPhase;
			buildActionMask = 2147483647;
			files = (
			);
			runOnlyForDeploymentPostprocessing = 0;
		};
		44D1D1952DAE88D30092E4A8 /* Resources */ = {
			isa = PBXResourcesBuildPhase;
			buildActionMask = 2147483647;
			files = (
			);
			runOnlyForDeploymentPostprocessing = 0;
		};
/* End PBXResourcesBuildPhase section */

/* Begin PBXSourcesBuildPhase section */
		44D1D17A2DAE88D20092E4A8 /* Sources */ = {
			isa = PBXSourcesBuildPhase;
			buildActionMask = 2147483647;
			files = (
			);
			runOnlyForDeploymentPostprocessing = 0;
		};
		44D1D1892DAE88D30092E4A8 /* Sources */ = {
			isa = PBXSourcesBuildPhase;
			buildActionMask = 2147483647;
			files = (
			);
			runOnlyForDeploymentPostprocessing = 0;
		};
		44D1D1932DAE88D30092E4A8 /* Sources */ = {
			isa = PBXSourcesBuildPhase;
			buildActionMask = 2147483647;
			files = (
			);
			runOnlyForDeploymentPostprocessing = 0;
		};
/* End PBXSourcesBuildPhase section */

/* Begin PBXTargetDependency section */
		44D1D18F2DAE88D30092E4A8 /* PBXTargetDependency */ = {
			isa = PBXTargetDependency;
			target = 44D1D17D2DAE88D20092E4A8 /* SecureVault */;
			targetProxy = 44D1D18E2DAE88D30092E4A8 /* PBXContainerItemProxy */;
		};
		44D1D1992DAE88D30092E4A8 /* PBXTargetDependency */ = {
			isa = PBXTargetDependency;
			target = 44D1D17D2DAE88D20092E4A8 /* SecureVault */;
			targetProxy = 44D1D1982DAE88D30092E4A8 /* PBXContainerItemProxy */;
		};
/* End PBXTargetDependency section */

/* Begin XCBuildConfiguration section */
		44D1D19F2DAE88D30092E4A8 /* Debug */ = {
			isa = XCBuildConfiguration;
			buildSettings = {
				ALWAYS_SEARCH_USER_PATHS = NO;
				ASSETCATALOG_COMPILER_GENERATE_SWIFT_ASSET_SYMBOL_EXTENSIONS = YES;
				CLANG_ANALYZER_NONNULL = YES;
				CLANG_ANALYZER_NUMBER_OBJECT_CONVERSION = YES_AGGRESSIVE;
				CLANG_CXX_LANGUAGE_STANDARD = "gnu++20";
				CLANG_ENABLE_MODULES = YES;
				CLANG_ENABLE_OBJC_ARC = YES;
				CLANG_ENABLE_OBJC_WEAK = YES;
				CLANG_WARN_BLOCK_CAPTURE_AUTORELEASING = YES;
				CLANG_WARN_BOOL_CONVERSION = YES;
				CLANG_WARN_COMMA = YES;
				CLANG_WARN_CONSTANT_CONVERSION = YES;
				CLANG_WARN_DEPRECATED_OBJC_IMPLEMENTATIONS = YES;
				CLANG_WARN_DIRECT_OBJC_ISA_USAGE = YES_ERROR;
				CLANG_WARN_DOCUMENTATION_COMMENTS = YES;
				CLANG_WARN_EMPTY_BODY = YES;
				CLANG_WARN_ENUM_CONVERSION = YES;
				CLANG_WARN_INFINITE_RECURSION = YES;
				CLANG_WARN_INT_CONVERSION = YES;
				CLANG_WARN_NON_LITERAL_NULL_CONVERSION = YES;
				CLANG_WARN_OBJC_IMPLICIT_RETAIN_SELF = YES;
				CLANG_WARN_OBJC_LITERAL_CONVERSION = YES;
				CLANG_WARN_OBJC_ROOT_CLASS = YES_ERROR;
				CLANG_WARN_QUOTED_INCLUDE_IN_FRAMEWORK_HEADER = YES;
				CLANG_WARN_RANGE_LOOP_ANALYSIS = YES;
				CLANG_WARN_STRICT_PROTOTYPES = YES;
				CLANG_WARN_SUSPICIOUS_MOVE = YES;
				CLANG_WARN_UNGUARDED_AVAILABILITY = YES_AGGRESSIVE;
				CLANG_WARN_UNREACHABLE_CODE = YES;
				CLANG_WARN__DUPLICATE_METHOD_MATCH = YES;
				COPY_PHASE_STRIP = NO;
				DEBUG_INFORMATION_FORMAT = dwarf;
				DEVELOPMENT_TEAM = W7UQ5S3Y6U;
				ENABLE_ON_DEMAND_RESOURCES = NO;
				ENABLE_STRICT_OBJC_MSGSEND = YES;
				ENABLE_TESTABILITY = YES;
				ENABLE_USER_SCRIPT_SANDBOXING = YES;
				GCC_C_LANGUAGE_STANDARD = gnu17;
				GCC_DYNAMIC_NO_PIC = NO;
				GCC_NO_COMMON_BLOCKS = YES;
				GCC_OPTIMIZATION_LEVEL = 0;
				GCC_PREPROCESSOR_DEFINITIONS = (
					"DEBUG=1",
					"$(inherited)",
				);
				GCC_WARN_64_TO_32_BIT_CONVERSION = YES;
				GCC_WARN_ABOUT_RETURN_TYPE = YES_ERROR;
				GCC_WARN_UNDECLARED_SELECTOR = YES;
				GCC_WARN_UNINITIALIZED_AUTOS = YES_AGGRESSIVE;
				GCC_WARN_UNUSED_FUNCTION = YES;
				GCC_WARN_UNUSED_VARIABLE = YES;
				IPHONEOS_DEPLOYMENT_TARGET = 18.4;
				LOCALIZATION_PREFERS_STRING_CATALOGS = YES;
				MTL_ENABLE_DEBUG_INFO = INCLUDE_SOURCE;
				MTL_FAST_MATH = YES;
				ONLY_ACTIVE_ARCH = YES;
				SDKROOT = iphoneos;
				SWIFT_ACTIVE_COMPILATION_CONDITIONS = "DEBUG $(inherited)";
				SWIFT_OPTIMIZATION_LEVEL = "-Onone";
			};
			name = Debug;
		};
		44D1D1A02DAE88D30092E4A8 /* Release */ = {
			isa = XCBuildConfiguration;
			buildSettings = {
				ALWAYS_SEARCH_USER_PATHS = NO;
				ASSETCATALOG_COMPILER_GENERATE_SWIFT_ASSET_SYMBOL_EXTENSIONS = YES;
				CLANG_ANALYZER_NONNULL = YES;
				CLANG_ANALYZER_NUMBER_OBJECT_CONVERSION = YES_AGGRESSIVE;
				CLANG_CXX_LANGUAGE_STANDARD = "gnu++20";
				CLANG_ENABLE_MODULES = YES;
				CLANG_ENABLE_OBJC_ARC = YES;
				CLANG_ENABLE_OBJC_WEAK = YES;
				CLANG_WARN_BLOCK_CAPTURE_AUTORELEASING = YES;
				CLANG_WARN_BOOL_CONVERSION = YES;
				CLANG_WARN_COMMA = YES;
				CLANG_WARN_CONSTANT_CONVERSION = YES;
				CLANG_WARN_DEPRECATED_OBJC_IMPLEMENTATIONS = YES;
				CLANG_WARN_DIRECT_OBJC_ISA_USAGE = YES_ERROR;
				CLANG_WARN_DOCUMENTATION_COMMENTS = YES;
				CLANG_WARN_EMPTY_BODY = YES;
				CLANG_WARN_ENUM_CONVERSION = YES;
				CLANG_WARN_INFINITE_RECURSION = YES;
				CLANG_WARN_INT_CONVERSION = YES;
				CLANG_WARN_NON_LITERAL_NULL_CONVERSION = YES;
				CLANG_WARN_OBJC_IMPLICIT_RETAIN_SELF = YES;
				CLANG_WARN_OBJC_LITERAL_CONVERSION = YES;
				CLANG_WARN_OBJC_ROOT_CLASS = YES_ERROR;
				CLANG_WARN_QUOTED_INCLUDE_IN_FRAMEWORK_HEADER = YES;
				CLANG_WARN_RANGE_LOOP_ANALYSIS = YES;
				CLANG_WARN_STRICT_PROTOTYPES = YES;
				CLANG_WARN_SUSPICIOUS_MOVE = YES;
				CLANG_WARN_UNGUARDED_AVAILABILITY = YES_AGGRESSIVE;
				CLANG_WARN_UNREACHABLE_CODE = YES;
				CLANG_WARN__DUPLICATE_METHOD_MATCH = YES;
				COPY_PHASE_STRIP = NO;
				DEBUG_INFORMATION_FORMAT = "dwarf-with-dsym";
				DEVELOPMENT_TEAM = W7UQ5S3Y6U;
				ENABLE_NS_ASSERTIONS = NO;
				ENABLE_ON_DEMAND_RESOURCES = NO;
				ENABLE_STRICT_OBJC_MSGSEND = YES;
				ENABLE_USER_SCRIPT_SANDBOXING = YES;
				GCC_C_LANGUAGE_STANDARD = gnu17;
				GCC_NO_COMMON_BLOCKS = YES;
				GCC_WARN_64_TO_32_BIT_CONVERSION = YES;
				GCC_WARN_ABOUT_RETURN_TYPE = YES_ERROR;
				GCC_WARN_UNDECLARED_SELECTOR = YES;
				GCC_WARN_UNINITIALIZED_AUTOS = YES_AGGRESSIVE;
				GCC_WARN_UNUSED_FUNCTION = YES;
				GCC_WARN_UNUSED_VARIABLE = YES;
				IPHONEOS_DEPLOYMENT_TARGET = 18.4;
				LOCALIZATION_PREFERS_STRING_CATALOGS = YES;
				MTL_ENABLE_DEBUG_INFO = NO;
				MTL_FAST_MATH = YES;
				SDKROOT = iphoneos;
				SWIFT_COMPILATION_MODE = wholemodule;
				VALIDATE_PRODUCT = YES;
			};
			name = Release;
		};
		44D1D1A22DAE88D30092E4A8 /* Debug */ = {
			isa = XCBuildConfiguration;
			buildSettings = {
				ASSETCATALOG_COMPILER_APPICON_NAME = AppIcon;
				ASSETCATALOG_COMPILER_GLOBAL_ACCENT_COLOR_NAME = AccentColor;
				CODE_SIGN_STYLE = Automatic;
				CURRENT_PROJECT_VERSION = 1;
				DEVELOPMENT_ASSET_PATHS = SecureFileVault/Resources/CompanyLogo.PNG;
				DEVELOPMENT_TEAM = W7UQ5S3Y6U;
				ENABLE_PREVIEWS = YES;
				GENERATE_INFOPLIST_FILE = YES;
				INFOPLIST_KEY_UIApplicationSceneManifest_Generation = YES;
				INFOPLIST_KEY_UIApplicationSupportsIndirectInputEvents = YES;
				INFOPLIST_KEY_UILaunchScreen_Generation = YES;
				INFOPLIST_KEY_UISupportedInterfaceOrientations_iPad = "UIInterfaceOrientationPortrait UIInterfaceOrientationPortraitUpsideDown UIInterfaceOrientationLandscapeLeft UIInterfaceOrientationLandscapeRight";
				INFOPLIST_KEY_UISupportedInterfaceOrientations_iPhone = "UIInterfaceOrientationPortrait UIInterfaceOrientationLandscapeLeft UIInterfaceOrientationLandscapeRight";
				LD_RUNPATH_SEARCH_PATHS = (
					"$(inherited)",
					"@executable_path/Frameworks",
				);
				MARKETING_VERSION = 1.0;
				PRODUCT_BUNDLE_IDENTIFIER = com.BryanCalle.SecureFileVault;
				PRODUCT_NAME = "$(TARGET_NAME)";
				SWIFT_EMIT_LOC_STRINGS = YES;
				SWIFT_VERSION = 5.0;
				TARGETED_DEVICE_FAMILY = "1,2";
			};
			name = Debug;
		};
		44D1D1A32DAE88D30092E4A8 /* Release */ = {
			isa = XCBuildConfiguration;
			buildSettings = {
				ASSETCATALOG_COMPILER_APPICON_NAME = AppIcon;
				ASSETCATALOG_COMPILER_GLOBAL_ACCENT_COLOR_NAME = AccentColor;
				CODE_SIGN_STYLE = Automatic;
				CURRENT_PROJECT_VERSION = 1;
				DEVELOPMENT_ASSET_PATHS = SecureFileVault/Resources/CompanyLogo.PNG;
				DEVELOPMENT_TEAM = W7UQ5S3Y6U;
				ENABLE_PREVIEWS = YES;
				GENERATE_INFOPLIST_FILE = YES;
				INFOPLIST_KEY_UIApplicationSceneManifest_Generation = YES;
				INFOPLIST_KEY_UIApplicationSupportsIndirectInputEvents = YES;
				INFOPLIST_KEY_UILaunchScreen_Generation = YES;
				INFOPLIST_KEY_UISupportedInterfaceOrientations_iPad = "UIInterfaceOrientationPortrait UIInterfaceOrientationPortraitUpsideDown UIInterfaceOrientationLandscapeLeft UIInterfaceOrientationLandscapeRight";
				INFOPLIST_KEY_UISupportedInterfaceOrientations_iPhone = "UIInterfaceOrientationPortrait UIInterfaceOrientationLandscapeLeft UIInterfaceOrientationLandscapeRight";
				LD_RUNPATH_SEARCH_PATHS = (
					"$(inherited)",
					"@executable_path/Frameworks",
				);
				MARKETING_VERSION = 1.0;
				PRODUCT_BUNDLE_IDENTIFIER = com.BryanCalle.SecureFileVault;
				PRODUCT_NAME = "$(TARGET_NAME)";
				SWIFT_EMIT_LOC_STRINGS = YES;
				SWIFT_VERSION = 5.0;
				TARGETED_DEVICE_FAMILY = "1,2";
			};
			name = Release;
		};
		44D1D1A52DAE88D30092E4A8 /* Debug */ = {
			isa = XCBuildConfiguration;
			buildSettings = {
				BUNDLE_LOADER = "$(TEST_HOST)";
				CODE_SIGN_STYLE = Automatic;
				CURRENT_PROJECT_VERSION = 1;
				DEVELOPMENT_TEAM = W7UQ5S3Y6U;
				GENERATE_INFOPLIST_FILE = YES;
				IPHONEOS_DEPLOYMENT_TARGET = 18.4;
				MARKETING_VERSION = 1.0;
				PRODUCT_BUNDLE_IDENTIFIER = com.BryanCalle.SecureFileVaultTests;
				PRODUCT_NAME = "$(TARGET_NAME)";
				SWIFT_EMIT_LOC_STRINGS = NO;
				SWIFT_VERSION = 5.0;
				TARGETED_DEVICE_FAMILY = "1,2";
				TEST_HOST = "$(BUILT_PRODUCTS_DIR)/SecureVault.app/$(BUNDLE_EXECUTABLE_FOLDER_PATH)/SecureVault";
			};
			name = Debug;
		};
		44D1D1A62DAE88D30092E4A8 /* Release */ = {
			isa = XCBuildConfiguration;
			buildSettings = {
				BUNDLE_LOADER = "$(TEST_HOST)";
				CODE_SIGN_STYLE = Automatic;
				CURRENT_PROJECT_VERSION = 1;
				DEVELOPMENT_TEAM = W7UQ5S3Y6U;
				GENERATE_INFOPLIST_FILE = YES;
				IPHONEOS_DEPLOYMENT_TARGET = 18.4;
				MARKETING_VERSION = 1.0;
				PRODUCT_BUNDLE_IDENTIFIER = com.BryanCalle.SecureFileVaultTests;
				PRODUCT_NAME = "$(TARGET_NAME)";
				SWIFT_EMIT_LOC_STRINGS = NO;
				SWIFT_VERSION = 5.0;
				TARGETED_DEVICE_FAMILY = "1,2";
				TEST_HOST = "$(BUILT_PRODUCTS_DIR)/SecureVault.app/$(BUNDLE_EXECUTABLE_FOLDER_PATH)/SecureVault";
			};
			name = Release;
		};
		44D1D1A82DAE88D30092E4A8 /* Debug */ = {
			isa = XCBuildConfiguration;
			buildSettings = {
				CODE_SIGN_STYLE = Automatic;
				CURRENT_PROJECT_VERSION = 1;
				DEVELOPMENT_TEAM = W7UQ5S3Y6U;
				GENERATE_INFOPLIST_FILE = YES;
				MARKETING_VERSION = 1.0;
				PRODUCT_BUNDLE_IDENTIFIER = com.BryanCalle.SecureFileVaultUITests;
				PRODUCT_NAME = "$(TARGET_NAME)";
				SWIFT_EMIT_LOC_STRINGS = NO;
				SWIFT_VERSION = 5.0;
				TARGETED_DEVICE_FAMILY = "1,2";
				TEST_TARGET_NAME = SecureFileVault;
			};
			name = Debug;
		};
		44D1D1A92DAE88D30092E4A8 /* Release */ = {
			isa = XCBuildConfiguration;
			buildSettings = {
				CODE_SIGN_STYLE = Automatic;
				CURRENT_PROJECT_VERSION = 1;
				DEVELOPMENT_TEAM = W7UQ5S3Y6U;
				GENERATE_INFOPLIST_FILE = YES;
				MARKETING_VERSION = 1.0;
				PRODUCT_BUNDLE_IDENTIFIER = com.BryanCalle.SecureFileVaultUITests;
				PRODUCT_NAME = "$(TARGET_NAME)";
				SWIFT_EMIT_LOC_STRINGS = NO;
				SWIFT_VERSION = 5.0;
				TARGETED_DEVICE_FAMILY = "1,2";
				TEST_TARGET_NAME = SecureFileVault;
			};
			name = Release;
		};
/* End XCBuildConfiguration section */

/* Begin XCConfigurationList section */
		44D1D1792DAE88D20092E4A8 /* Build configuration list for PBXProject "SecureVault" */ = {
			isa = XCConfigurationList;
			buildConfigurations = (
				44D1D19F2DAE88D30092E4A8 /* Debug */,
				44D1D1A02DAE88D30092E4A8 /* Release */,
			);
			defaultConfigurationIsVisible = 0;
			defaultConfigurationName = Release;
		};
		44D1D1A12DAE88D30092E4A8 /* Build configuration list for PBXNativeTarget "SecureVault" */ = {
			isa = XCConfigurationList;
			buildConfigurations = (
				44D1D1A22DAE88D30092E4A8 /* Debug */,
				44D1D1A32DAE88D30092E4A8 /* Release */,
			);
			defaultConfigurationIsVisible = 0;
			defaultConfigurationName = Release;
		};
		44D1D1A42DAE88D30092E4A8 /* Build configuration list for PBXNativeTarget "SecureVaultTests" */ = {
			isa = XCConfigurationList;
			buildConfigurations = (
				44D1D1A52DAE88D30092E4A8 /* Debug */,
				44D1D1A62DAE88D30092E4A8 /* Release */,
			);
			defaultConfigurationIsVisible = 0;
			defaultConfigurationName = Release;
		};
		44D1D1A72DAE88D30092E4A8 /* Build configuration list for PBXNativeTarget "SecureVaultUITests" */ = {
			isa = XCConfigurationList;
			buildConfigurations = (
				44D1D1A82DAE88D30092E4A8 /* Debug */,
				44D1D1A92DAE88D30092E4A8 /* Release */,
			);
			defaultConfigurationIsVisible = 0;
			defaultConfigurationName = Release;
		};
/* End XCConfigurationList section */
	};
	rootObject = 44D1D1762DAE88D20092E4A8 /* Project object */;
}
